
Microsoft Visual Studio Solution File, Format Version 12.00
# Visual Studio Version 17
VisualStudioVersion = 17.9.34728.123
MinimumVisualStudioVersion = 10.0.40219.1
Project("{FAE04EC0-301F-11D3-BF4B-00C04F79EFBC}") = "Futebol", "Futebol\Futebol.csproj", "{CC617C63-0308-480B-99E7-13846972068B}"
EndProject
Global
	GlobalSection(SolutionConfigurationPlatforms) = preSolution
		Debug|Any CPU = Debug|Any CPU
		Release|Any CPU = Release|Any CPU
	EndGlobalSection
	GlobalSection(ProjectConfigurationPlatforms) = postSolution
		{CC617C63-0308-480B-99E7-13846972068B}.Debug|Any CPU.ActiveCfg = Debug|Any CPU
		{CC617C63-0308-480B-99E7-13846972068B}.Debug|Any CPU.Build.0 = Debug|Any CPU
		{CC617C63-0308-480B-99E7-13846972068B}.Release|Any CPU.ActiveCfg = Release|Any CPU
		{CC617C63-0308-480B-99E7-13846972068B}.Release|Any CPU.Build.0 = Release|Any CPU
	EndGlobalSection
	GlobalSection(SolutionProperties) = preSolution
		HideSolutionNode = FALSE
	EndGlobalSection
	GlobalSection(ExtensibilityGlobals) = postSolution
		SolutionGuid = {A7B0EF27-BBFF-44B4-9E92-58050E3DEF0E}
	EndGlobalSection
EndGlobal
